
Microsoft Visual Studio Solution File, Format Version 12.00
# Visual Studio Version 16
VisualStudioVersion = 16.0.30804.86
MinimumVisualStudioVersion = 10.0.40219.1
Project("{FAE04EC0-301F-11D3-BF4B-00C04F79EFBC}") = "DesignProject", "DesignProject\DesignProject.csproj", "{E344BC25-3BF3-455D-A681-BA87E0987677}"
EndProject
Global
	GlobalSection(SolutionConfigurationPlatforms) = preSolution
		Debug|Any CPU = Debug|Any CPU
		Release|Any CPU = Release|Any CPU
	EndGlobalSection
	GlobalSection(ProjectConfigurationPlatforms) = postSolution
		{E344BC25-3BF3-455D-A681-BA87E0987677}.Debug|Any CPU.ActiveCfg = Debug|Any CPU
		{E344BC25-3BF3-455D-A681-BA87E0987677}.Debug|Any CPU.Build.0 = Debug|Any CPU
		{E344BC25-3BF3-455D-A681-BA87E0987677}.Release|Any CPU.ActiveCfg = Release|Any CPU
		{E344BC25-3BF3-455D-A681-BA87E0987677}.Release|Any CPU.Build.0 = Release|Any CPU
	EndGlobalSection
	GlobalSection(SolutionProperties) = preSolution
		HideSolutionNode = FALSE
	EndGlobalSection
	GlobalSection(ExtensibilityGlobals) = postSolution
		SolutionGuid = {7B4F5D35-A332-49D5-ABBF-71A0E1189E20}
	EndGlobalSection
EndGlobal
